{
  "version": "5",
  "specifiers": {
    "jsr:@std/collections@*": "1.1.3",
    "jsr:@std/encoding@*": "1.0.10",
    "jsr:@std/fmt@^1.0.5": "1.0.8",
    "jsr:@std/fs@^1.0.11": "1.0.19",
    "jsr:@std/io@~0.225.2": "0.225.2",
    "jsr:@std/log@~0.224.14": "0.224.14",
    "npm:nunjucks@^3.2.4": "3.2.4",
    "npm:seyfert@*": "3.2.6",
    "npm:seyfert@3.2.6": "3.2.6",
    "npm:seyfert@^3.2.6": "3.2.6"
  },
  "jsr": {
    "@std/collections@1.1.3": {
      "integrity": "bf8b0818886df6a32b64c7d3b037a425111f28278d69fd0995aeb62777c986b0"
    },
    "@std/encoding@1.0.10": {
      "integrity": "8783c6384a2d13abd5e9e87a7ae0520a30e9f56aeeaa3bdf910a3eaaf5c811a1"
    },
    "@std/fmt@1.0.8": {
      "integrity": "71e1fc498787e4434d213647a6e43e794af4fd393ef8f52062246e06f7e372b7"
    },
    "@std/fs@1.0.19": {
      "integrity": "051968c2b1eae4d2ea9f79a08a3845740ef6af10356aff43d3e2ef11ed09fb06"
    },
    "@std/io@0.225.2": {
      "integrity": "3c740cd4ee4c082e6cfc86458f47e2ab7cb353dc6234d5e9b1f91a2de5f4d6c7"
    },
    "@std/log@0.224.14": {
      "integrity": "257f7adceee3b53bb2bc86c7242e7d1bc59729e57d4981c4a7e5b876c808f05e",
      "dependencies": [
        "jsr:@std/fmt",
        "jsr:@std/fs",
        "jsr:@std/io"
      ]
    }
  },
  "npm": {
    "a-sync-waterfall@1.0.1": {
      "integrity": "sha512-RYTOHHdWipFUliRFMCS4X2Yn2X8M87V/OpSqWzKKOGhzqyUxzyVmhHDH9sAvG+ZuQf/TAOFsLCpMw09I1ufUnA=="
    },
    "asap@2.0.6": {
      "integrity": "sha512-BSHWgDSAiKs50o2Re8ppvp3seVHXSRM44cdSsT9FfNEUUZLOGWVCsiWaRPWM1Znn+mqZ1OfVZ3z3DWEzSp7hRA=="
    },
    "commander@5.1.0": {
      "integrity": "sha512-P0CysNDQ7rtVw4QIQtm+MRxV66vKFSvlsQvGYXZWR3qFU0jlMKHZZZgw8e+8DSah4UDKMqnknRDQz+xuQXQ/Zg=="
    },
    "nunjucks@3.2.4": {
      "integrity": "sha512-26XRV6BhkgK0VOxfbU5cQI+ICFUtMLixv1noZn1tGU38kQH5A5nmmbk/O45xdyBhD1esk47nKrY0mvQpZIhRjQ==",
      "dependencies": [
        "a-sync-waterfall",
        "asap",
        "commander"
      ],
      "bin": true
    },
    "seyfert@3.2.6": {
      "integrity": "sha512-C0mghHl2mz+Qv3U+aOyCKAH3Xc2RGipfSwffXyOs4VuKygQyUbsVOpmzBNtDtdsTNtdsE/g35PAasDfi+7cv7A=="
    }
  },
  "workspace": {
    "dependencies": [
      "jsr:@std/encoding@*",
      "jsr:@std/log@~0.224.14",
      "npm:nunjucks@^3.2.4",
      "npm:seyfert@^3.2.6"
    ]
  }
}
